
Microsoft Visual Studio Solution File, Format Version 12.00
# Visual Studio Version 17
VisualStudioVersion = 17.5.33424.131
MinimumVisualStudioVersion = 10.0.40219.1
Project("{FAE04EC0-301F-11D3-BF4B-00C04F79EFBC}") = "Abyss", "Abyss.csproj", "{3983F6F9-6361-457E-BCE9-9F13D32DA096}"
EndProject
Global
	GlobalSection(SolutionConfigurationPlatforms) = preSolution
		Debug|Any CPU = Debug|Any CPU
		Release|Any CPU = Release|Any CPU
	EndGlobalSection
	GlobalSection(ProjectConfigurationPlatforms) = postSolution
		{3983F6F9-6361-457E-BCE9-9F13D32DA096}.Debug|Any CPU.ActiveCfg = Debug|Any CPU
		{3983F6F9-6361-457E-BCE9-9F13D32DA096}.Debug|Any CPU.Build.0 = Debug|Any CPU
		{3983F6F9-6361-457E-BCE9-9F13D32DA096}.Release|Any CPU.ActiveCfg = Release|Any CPU
		{3983F6F9-6361-457E-BCE9-9F13D32DA096}.Release|Any CPU.Build.0 = Release|Any CPU
	EndGlobalSection
	GlobalSection(SolutionProperties) = preSolution
		HideSolutionNode = FALSE
	EndGlobalSection
	GlobalSection(ExtensibilityGlobals) = postSolution
		SolutionGuid = {4517AF74-2947-46DB-B80B-A5FA2AA0B5FC}
	EndGlobalSection
EndGlobal
